
Microsoft Visual Studio Solution File, Format Version 12.00
# Visual Studio 15
VisualStudioVersion = 15.0.34031.82
MinimumVisualStudioVersion = 10.0.40219.1
Project("{8BC9CEB8-8B4A-11D0-8D11-00A0C91BC942}") = "P08", "P08\P08.vcxproj", "{91821F43-2A45-4495-8904-F79F5F9C5B3A}"
EndProject
Global
	GlobalSection(SolutionConfigurationPlatforms) = preSolution
		Debug|x64 = Debug|x64
		Debug|x86 = Debug|x86
		Release|x64 = Release|x64
		Release|x86 = Release|x86
	EndGlobalSection
	GlobalSection(ProjectConfigurationPlatforms) = postSolution
		{91821F43-2A45-4495-8904-F79F5F9C5B3A}.Debug|x64.ActiveCfg = Debug|x64
		{91821F43-2A45-4495-8904-F79F5F9C5B3A}.Debug|x64.Build.0 = Debug|x64
		{91821F43-2A45-4495-8904-F79F5F9C5B3A}.Debug|x86.ActiveCfg = Debug|Win32
		{91821F43-2A45-4495-8904-F79F5F9C5B3A}.Debug|x86.Build.0 = Debug|Win32
		{91821F43-2A45-4495-8904-F79F5F9C5B3A}.Release|x64.ActiveCfg = Release|x64
		{91821F43-2A45-4495-8904-F79F5F9C5B3A}.Release|x64.Build.0 = Release|x64
		{91821F43-2A45-4495-8904-F79F5F9C5B3A}.Release|x86.ActiveCfg = Release|Win32
		{91821F43-2A45-4495-8904-F79F5F9C5B3A}.Release|x86.Build.0 = Release|Win32
	EndGlobalSection
	GlobalSection(SolutionProperties) = preSolution
		HideSolutionNode = FALSE
	EndGlobalSection
	GlobalSection(ExtensibilityGlobals) = postSolution
		SolutionGuid = {1DA7B14B-D896-4D29-9227-5ECE1C48FB40}
	EndGlobalSection
EndGlobal
